
Microsoft Visual Studio Solution File, Format Version 12.00
# Visual Studio Version 17
VisualStudioVersion = 17.7.34031.279
MinimumVisualStudioVersion = 10.0.40219.1
Project("{FAE04EC0-301F-11D3-BF4B-00C04F79EFBC}") = "dcit318-assignment1", "dcit318-assignment1\dcit318-assignment1.csproj", "{AB830928-0ABF-4040-8387-E5E87E9A56F2}"
EndProject
Global
	GlobalSection(SolutionConfigurationPlatforms) = preSolution
		Debug|Any CPU = Debug|Any CPU
		Release|Any CPU = Release|Any CPU
	EndGlobalSection
	GlobalSection(ProjectConfigurationPlatforms) = postSolution
		{AB830928-0ABF-4040-8387-E5E87E9A56F2}.Debug|Any CPU.ActiveCfg = Debug|Any CPU
		{AB830928-0ABF-4040-8387-E5E87E9A56F2}.Debug|Any CPU.Build.0 = Debug|Any CPU
		{AB830928-0ABF-4040-8387-E5E87E9A56F2}.Release|Any CPU.ActiveCfg = Release|Any CPU
		{AB830928-0ABF-4040-8387-E5E87E9A56F2}.Release|Any CPU.Build.0 = Release|Any CPU
	EndGlobalSection
	GlobalSection(SolutionProperties) = preSolution
		HideSolutionNode = FALSE
	EndGlobalSection
	GlobalSection(ExtensibilityGlobals) = postSolution
		SolutionGuid = {B7BFDECA-75DB-4C74-94BD-92D0404294E7}
	EndGlobalSection
EndGlobal
